
Microsoft Visual Studio Solution File, Format Version 12.00
# Visual Studio Version 16
VisualStudioVersion = 16.0.30517.126
MinimumVisualStudioVersion = 15.0.26124.0
Project("{9A19103F-16F7-4668-BE54-9A1E7A4F7556}") = "Omt.Api", "Omt.Api\Omt.Api.csproj", "{BB3D08E3-A408-489A-AB40-6E7B730EA823}"
EndProject
Project("{9A19103F-16F7-4668-BE54-9A1E7A4F7556}") = "Omt.Domain", "Omt.Domain\Omt.Domain.csproj", "{041903CE-3CF7-4166-8595-0C5E786E0A56}"
EndProject
Project("{9A19103F-16F7-4668-BE54-9A1E7A4F7556}") = "Omt.Application", "Omt.Application\Omt.Application.csproj", "{0CE44385-EE2E-4D72-AB96-1DD4FE9FF096}"
EndProject
Project("{9A19103F-16F7-4668-BE54-9A1E7A4F7556}") = "Omt.InterestApi", "Omt.InterestApi\Omt.InterestApi.csproj", "{D2A1E41B-6071-48BB-B21D-7D1F040EE21B}"
EndProject
Project("{9A19103F-16F7-4668-BE54-9A1E7A4F7556}") = "Omt.Service", "Omt.Service\Omt.Service.csproj", "{267328F5-6792-4105-95C0-07A0290180A4}"
EndProject
Project("{9A19103F-16F7-4668-BE54-9A1E7A4F7556}") = "Omt.Test", "Omt.Test\Omt.Test.csproj", "{231C0D4D-8086-44FF-B016-4E1A5245EDA2}"
EndProject
Global
	GlobalSection(SolutionConfigurationPlatforms) = preSolution
		Debug|Any CPU = Debug|Any CPU
		Debug|x64 = Debug|x64
		Debug|x86 = Debug|x86
		Release|Any CPU = Release|Any CPU
		Release|x64 = Release|x64
		Release|x86 = Release|x86
	EndGlobalSection
	GlobalSection(ProjectConfigurationPlatforms) = postSolution
		{BB3D08E3-A408-489A-AB40-6E7B730EA823}.Debug|Any CPU.ActiveCfg = Debug|Any CPU
		{BB3D08E3-A408-489A-AB40-6E7B730EA823}.Debug|Any CPU.Build.0 = Debug|Any CPU
		{BB3D08E3-A408-489A-AB40-6E7B730EA823}.Debug|x64.ActiveCfg = Debug|Any CPU
		{BB3D08E3-A408-489A-AB40-6E7B730EA823}.Debug|x64.Build.0 = Debug|Any CPU
		{BB3D08E3-A408-489A-AB40-6E7B730EA823}.Debug|x86.ActiveCfg = Debug|Any CPU
		{BB3D08E3-A408-489A-AB40-6E7B730EA823}.Debug|x86.Build.0 = Debug|Any CPU
		{BB3D08E3-A408-489A-AB40-6E7B730EA823}.Release|Any CPU.ActiveCfg = Release|Any CPU
		{BB3D08E3-A408-489A-AB40-6E7B730EA823}.Release|Any CPU.Build.0 = Release|Any CPU
		{BB3D08E3-A408-489A-AB40-6E7B730EA823}.Release|x64.ActiveCfg = Release|Any CPU
		{BB3D08E3-A408-489A-AB40-6E7B730EA823}.Release|x64.Build.0 = Release|Any CPU
		{BB3D08E3-A408-489A-AB40-6E7B730EA823}.Release|x86.ActiveCfg = Release|Any CPU
		{BB3D08E3-A408-489A-AB40-6E7B730EA823}.Release|x86.Build.0 = Release|Any CPU
		{041903CE-3CF7-4166-8595-0C5E786E0A56}.Debug|Any CPU.ActiveCfg = Debug|Any CPU
		{041903CE-3CF7-4166-8595-0C5E786E0A56}.Debug|Any CPU.Build.0 = Debug|Any CPU
		{041903CE-3CF7-4166-8595-0C5E786E0A56}.Debug|x64.ActiveCfg = Debug|Any CPU
		{041903CE-3CF7-4166-8595-0C5E786E0A56}.Debug|x64.Build.0 = Debug|Any CPU
		{041903CE-3CF7-4166-8595-0C5E786E0A56}.Debug|x86.ActiveCfg = Debug|Any CPU
		{041903CE-3CF7-4166-8595-0C5E786E0A56}.Debug|x86.Build.0 = Debug|Any CPU
		{041903CE-3CF7-4166-8595-0C5E786E0A56}.Release|Any CPU.ActiveCfg = Release|Any CPU
		{041903CE-3CF7-4166-8595-0C5E786E0A56}.Release|Any CPU.Build.0 = Release|Any CPU
		{041903CE-3CF7-4166-8595-0C5E786E0A56}.Release|x64.ActiveCfg = Release|Any CPU
		{041903CE-3CF7-4166-8595-0C5E786E0A56}.Release|x64.Build.0 = Release|Any CPU
		{041903CE-3CF7-4166-8595-0C5E786E0A56}.Release|x86.ActiveCfg = Release|Any CPU
		{041903CE-3CF7-4166-8595-0C5E786E0A56}.Release|x86.Build.0 = Release|Any CPU
		{0CE44385-EE2E-4D72-AB96-1DD4FE9FF096}.Debug|Any CPU.ActiveCfg = Debug|Any CPU
		{0CE44385-EE2E-4D72-AB96-1DD4FE9FF096}.Debug|Any CPU.Build.0 = Debug|Any CPU
		{0CE44385-EE2E-4D72-AB96-1DD4FE9FF096}.Debug|x64.ActiveCfg = Debug|Any CPU
		{0CE44385-EE2E-4D72-AB96-1DD4FE9FF096}.Debug|x64.Build.0 = Debug|Any CPU
		{0CE44385-EE2E-4D72-AB96-1DD4FE9FF096}.Debug|x86.ActiveCfg = Debug|Any CPU
		{0CE44385-EE2E-4D72-AB96-1DD4FE9FF096}.Debug|x86.Build.0 = Debug|Any CPU
		{0CE44385-EE2E-4D72-AB96-1DD4FE9FF096}.Release|Any CPU.ActiveCfg = Release|Any CPU
		{0CE44385-EE2E-4D72-AB96-1DD4FE9FF096}.Release|Any CPU.Build.0 = Release|Any CPU
		{0CE44385-EE2E-4D72-AB96-1DD4FE9FF096}.Release|x64.ActiveCfg = Release|Any CPU
		{0CE44385-EE2E-4D72-AB96-1DD4FE9FF096}.Release|x64.Build.0 = Release|Any CPU
		{0CE44385-EE2E-4D72-AB96-1DD4FE9FF096}.Release|x86.ActiveCfg = Release|Any CPU
		{0CE44385-EE2E-4D72-AB96-1DD4FE9FF096}.Release|x86.Build.0 = Release|Any CPU
		{D2A1E41B-6071-48BB-B21D-7D1F040EE21B}.Debug|Any CPU.ActiveCfg = Debug|Any CPU
		{D2A1E41B-6071-48BB-B21D-7D1F040EE21B}.Debug|Any CPU.Build.0 = Debug|Any CPU
		{D2A1E41B-6071-48BB-B21D-7D1F040EE21B}.Debug|x64.ActiveCfg = Debug|Any CPU
		{D2A1E41B-6071-48BB-B21D-7D1F040EE21B}.Debug|x64.Build.0 = Debug|Any CPU
		{D2A1E41B-6071-48BB-B21D-7D1F040EE21B}.Debug|x86.ActiveCfg = Debug|Any CPU
		{D2A1E41B-6071-48BB-B21D-7D1F040EE21B}.Debug|x86.Build.0 = Debug|Any CPU
		{D2A1E41B-6071-48BB-B21D-7D1F040EE21B}.Release|Any CPU.ActiveCfg = Release|Any CPU
		{D2A1E41B-6071-48BB-B21D-7D1F040EE21B}.Release|Any CPU.Build.0 = Release|Any CPU
		{D2A1E41B-6071-48BB-B21D-7D1F040EE21B}.Release|x64.ActiveCfg = Release|Any CPU
		{D2A1E41B-6071-48BB-B21D-7D1F040EE21B}.Release|x64.Build.0 = Release|Any CPU
		{D2A1E41B-6071-48BB-B21D-7D1F040EE21B}.Release|x86.ActiveCfg = Release|Any CPU
		{D2A1E41B-6071-48BB-B21D-7D1F040EE21B}.Release|x86.Build.0 = Release|Any CPU
		{267328F5-6792-4105-95C0-07A0290180A4}.Debug|Any CPU.ActiveCfg = Debug|Any CPU
		{267328F5-6792-4105-95C0-07A0290180A4}.Debug|Any CPU.Build.0 = Debug|Any CPU
		{267328F5-6792-4105-95C0-07A0290180A4}.Debug|x64.ActiveCfg = Debug|Any CPU
		{267328F5-6792-4105-95C0-07A0290180A4}.Debug|x64.Build.0 = Debug|Any CPU
		{267328F5-6792-4105-95C0-07A0290180A4}.Debug|x86.ActiveCfg = Debug|Any CPU
		{267328F5-6792-4105-95C0-07A0290180A4}.Debug|x86.Build.0 = Debug|Any CPU
		{267328F5-6792-4105-95C0-07A0290180A4}.Release|Any CPU.ActiveCfg = Release|Any CPU
		{267328F5-6792-4105-95C0-07A0290180A4}.Release|Any CPU.Build.0 = Release|Any CPU
		{267328F5-6792-4105-95C0-07A0290180A4}.Release|x64.ActiveCfg = Release|Any CPU
		{267328F5-6792-4105-95C0-07A0290180A4}.Release|x64.Build.0 = Release|Any CPU
		{267328F5-6792-4105-95C0-07A0290180A4}.Release|x86.ActiveCfg = Release|Any CPU
		{267328F5-6792-4105-95C0-07A0290180A4}.Release|x86.Build.0 = Release|Any CPU
		{231C0D4D-8086-44FF-B016-4E1A5245EDA2}.Debug|Any CPU.ActiveCfg = Debug|Any CPU
		{231C0D4D-8086-44FF-B016-4E1A5245EDA2}.Debug|Any CPU.Build.0 = Debug|Any CPU
		{231C0D4D-8086-44FF-B016-4E1A5245EDA2}.Debug|x64.ActiveCfg = Debug|Any CPU
		{231C0D4D-8086-44FF-B016-4E1A5245EDA2}.Debug|x64.Build.0 = Debug|Any CPU
		{231C0D4D-8086-44FF-B016-4E1A5245EDA2}.Debug|x86.ActiveCfg = Debug|Any CPU
		{231C0D4D-8086-44FF-B016-4E1A5245EDA2}.Debug|x86.Build.0 = Debug|Any CPU
		{231C0D4D-8086-44FF-B016-4E1A5245EDA2}.Release|Any CPU.ActiveCfg = Release|Any CPU
		{231C0D4D-8086-44FF-B016-4E1A5245EDA2}.Release|Any CPU.Build.0 = Release|Any CPU
		{231C0D4D-8086-44FF-B016-4E1A5245EDA2}.Release|x64.ActiveCfg = Release|Any CPU
		{231C0D4D-8086-44FF-B016-4E1A5245EDA2}.Release|x64.Build.0 = Release|Any CPU
		{231C0D4D-8086-44FF-B016-4E1A5245EDA2}.Release|x86.ActiveCfg = Release|Any CPU
		{231C0D4D-8086-44FF-B016-4E1A5245EDA2}.Release|x86.Build.0 = Release|Any CPU
	EndGlobalSection
	GlobalSection(SolutionProperties) = preSolution
		HideSolutionNode = FALSE
	EndGlobalSection
	GlobalSection(ExtensibilityGlobals) = postSolution
		SolutionGuid = {FA6D7679-91C5-4458-BF49-CD1BDB7B568A}
	EndGlobalSection
EndGlobal
